// !$*UTF8*$!
{
	archiveVersion = 1;
	classes = {
	};
	objectVersion = 52;
	objects = {

/* Begin PBXBuildFile section */
		18428916279E09B100573E81 /* GetItWriteApp.swift in Sources */ = {isa = PBXBuildFile; fileRef = 18428915279E09B100573E81 /* GetItWriteApp.swift */; };
		18428918279E09B100573E81 /* ContentView.swift in Sources */ = {isa = PBXBuildFile; fileRef = 18428917279E09B100573E81 /* ContentView.swift */; };
		1842891A279E09B200573E81 /* Assets.xcassets in Resources */ = {isa = PBXBuildFile; fileRef = 18428919279E09B200573E81 /* Assets.xcassets */; };
		1842891D279E09B200573E81 /* Preview Assets.xcassets in Resources */ = {isa = PBXBuildFile; fileRef = 1842891C279E09B200573E81 /* Preview Assets.xcassets */; };
		18428928279E09B200573E81 /* GetItWriteTests.swift in Sources */ = {isa = PBXBuildFile; fileRef = 18428927279E09B200573E81 /* GetItWriteTests.swift */; };
		18428933279E09B200573E81 /* GetItWriteUITests.swift in Sources */ = {isa = PBXBuildFile; fileRef = 18428932279E09B200573E81 /* GetItWriteUITests.swift */; };
		18428946279E0C9B00573E81 /* FirebaseAuth in Frameworks */ = {isa = PBXBuildFile; productRef = 18428945279E0C9B00573E81 /* FirebaseAuth */; };
		18428948279E0C9B00573E81 /* FirebaseFirestore in Frameworks */ = {isa = PBXBuildFile; productRef = 18428947279E0C9B00573E81 /* FirebaseFirestore */; };
		7935523F281B0CD7002CBB73 /* ProfileImage.swift in Sources */ = {isa = PBXBuildFile; fileRef = 7935523E281B0CD7002CBB73 /* ProfileImage.swift */; };
		79355241281BF0F5002CBB73 /* PopulateDatabase.swift in Sources */ = {isa = PBXBuildFile; fileRef = 79355240281BF0F5002CBB73 /* PopulateDatabase.swift */; };
		79355243281C1806002CBB73 /* ViewCritiqueView.swift in Sources */ = {isa = PBXBuildFile; fileRef = 79355242281C1806002CBB73 /* ViewCritiqueView.swift */; };
		79841D6F27F7050500515F4C /* MakeProjectView.swift in Sources */ = {isa = PBXBuildFile; fileRef = 79841D6E27F7050500515F4C /* MakeProjectView.swift */; };
		79841D7327F70BC400515F4C /* GlobalVariables.swift in Sources */ = {isa = PBXBuildFile; fileRef = 79841D7227F70BC400515F4C /* GlobalVariables.swift */; };
		79A8829228196AE900E4A697 /* SideBarView.swift in Sources */ = {isa = PBXBuildFile; fileRef = 79A8829128196AE900E4A697 /* SideBarView.swift */; };
		79A882942819B93500E4A697 /* CritiquesView.swift in Sources */ = {isa = PBXBuildFile; fileRef = 79A882932819B93500E4A697 /* CritiquesView.swift */; };
		79A882962819B97400E4A697 /* CritiqueView.swift in Sources */ = {isa = PBXBuildFile; fileRef = 79A882952819B97300E4A697 /* CritiqueView.swift */; };
		79BEA40528135C580080EA6D /* GiveCritiqueView.swift in Sources */ = {isa = PBXBuildFile; fileRef = 79BEA40428135C580080EA6D /* GiveCritiqueView.swift */; };
		79BEA40D28153BF10080EA6D /* Critique.swift in Sources */ = {isa = PBXBuildFile; fileRef = 79BEA40C28153BF10080EA6D /* Critique.swift */; };
		79BEA41128167CC00080EA6D /* MakeTextView.swift in Sources */ = {isa = PBXBuildFile; fileRef = 79BEA41028167CC00080EA6D /* MakeTextView.swift */; };
		79BEA41328168A420080EA6D /* ProjectView.swift in Sources */ = {isa = PBXBuildFile; fileRef = 79BEA41228168A420080EA6D /* ProjectView.swift */; };
		79BFD5B728173DE000A65400 /* YourProfileView.swift in Sources */ = {isa = PBXBuildFile; fileRef = 79BFD5B628173DE000A65400 /* YourProfileView.swift */; };
		79C8345F27BFB61300003A8B /* FirebaseUser.swift in Sources */ = {isa = PBXBuildFile; fileRef = 79C8345E27BFB61300003A8B /* FirebaseUser.swift */; };
		79C8346227BFB69900003A8B /* FirebaseSession.swift in Sources */ = {isa = PBXBuildFile; fileRef = 79C8346127BFB69900003A8B /* FirebaseSession.swift */; };
		79C8346627BFB76B00003A8B /* LoginView.swift in Sources */ = {isa = PBXBuildFile; fileRef = 79C8346527BFB76B00003A8B /* LoginView.swift */; };
		79C8346827BFB7A300003A8B /* SignUpView.swift in Sources */ = {isa = PBXBuildFile; fileRef = 79C8346727BFB7A300003A8B /* SignUpView.swift */; };
		79C8346A27BFB95200003A8B /* GoogleService-Info.plist in Resources */ = {isa = PBXBuildFile; fileRef = 79C8346927BFB95200003A8B /* GoogleService-Info.plist */; };
		79C8346D27BFBAC800003A8B /* GoogleSignIn in Frameworks */ = {isa = PBXBuildFile; productRef = 79C8346C27BFBAC800003A8B /* GoogleSignIn */; };
		79C8346F27BFBBA800003A8B /* User.swift in Sources */ = {isa = PBXBuildFile; fileRef = 79C8346E27BFBBA800003A8B /* User.swift */; };
		79C8347127BFBC8100003A8B /* CustomError.swift in Sources */ = {isa = PBXBuildFile; fileRef = 79C8347027BFBC8100003A8B /* CustomError.swift */; };
		79C8347627BFC85E00003A8B /* Color+Extension.swift in Sources */ = {isa = PBXBuildFile; fileRef = 79C8347527BFC85E00003A8B /* Color+Extension.swift */; };
		79C8347827C0068900003A8B /* CreateAccountView.swift in Sources */ = {isa = PBXBuildFile; fileRef = 79C8347727C0068900003A8B /* CreateAccountView.swift */; };
		79C8347B27C0078200003A8B /* TagCloud.swift in Sources */ = {isa = PBXBuildFile; fileRef = 79C8347A27C0078200003A8B /* TagCloud.swift */; };
		79C8347D27C021D300003A8B /* ImagePicker.swift in Sources */ = {isa = PBXBuildFile; fileRef = 79C8347C27C021D300003A8B /* ImagePicker.swift */; };
		79C8347F27C032F700003A8B /* UIImage+Extension.swift in Sources */ = {isa = PBXBuildFile; fileRef = 79C8347E27C032F700003A8B /* UIImage+Extension.swift */; };
		79C8348227C2A70900003A8B /* FeedView.swift in Sources */ = {isa = PBXBuildFile; fileRef = 79C8348127C2A70900003A8B /* FeedView.swift */; };
		79C8348427C2A73200003A8B /* FeedsSession.swift in Sources */ = {isa = PBXBuildFile; fileRef = 79C8348327C2A73200003A8B /* FeedsSession.swift */; };
		79C8348627C2A7A700003A8B /* Project.swift in Sources */ = {isa = PBXBuildFile; fileRef = 79C8348527C2A7A700003A8B /* Project.swift */; };
		79C8348827C2A9CB00003A8B /* ErrorView.swift in Sources */ = {isa = PBXBuildFile; fileRef = 79C8348727C2A9CB00003A8B /* ErrorView.swift */; };
		79C8348C27C2B58700003A8B /* GeneralComponents.swift in Sources */ = {isa = PBXBuildFile; fileRef = 79C8348B27C2B58700003A8B /* GeneralComponents.swift */; };
		79D4BC0E2823C09A0000182F /* EditProfileView.swift in Sources */ = {isa = PBXBuildFile; fileRef = 79D4BC0D2823C09A0000182F /* EditProfileView.swift */; };
		79D4BC15282517A90000182F /* SettingsView.swift in Sources */ = {isa = PBXBuildFile; fileRef = 79D4BC14282517A90000182F /* SettingsView.swift */; };
		79E5ECCD2836BCC50024EB2B /* SelectProjectView.swift in Sources */ = {isa = PBXBuildFile; fileRef = 79E5ECCC2836BCC50024EB2B /* SelectProjectView.swift */; };
		79E5ECD02836D6D00024EB2B /* RequestCritique.swift in Sources */ = {isa = PBXBuildFile; fileRef = 79E5ECCF2836D6D00024EB2B /* RequestCritique.swift */; };
		79E5ECD328377FDE0024EB2B /* ProfileView.swift in Sources */ = {isa = PBXBuildFile; fileRef = 79E5ECD228377FDE0024EB2B /* ProfileView.swift */; };
		79E5ECD528379B060024EB2B /* UploadDataSession.swift in Sources */ = {isa = PBXBuildFile; fileRef = 79E5ECD428379B060024EB2B /* UploadDataSession.swift */; };
		79E5ECD7283AA3720024EB2B /* AllChatsView.swift in Sources */ = {isa = PBXBuildFile; fileRef = 79E5ECD6283AA3720024EB2B /* AllChatsView.swift */; };
		79E5ECD9283AA3A90024EB2B /* MessagePreview.swift in Sources */ = {isa = PBXBuildFile; fileRef = 79E5ECD8283AA3A90024EB2B /* MessagePreview.swift */; };
		79E5ECDB283AA3D60024EB2B /* MessagesView.swift in Sources */ = {isa = PBXBuildFile; fileRef = 79E5ECDA283AA3D60024EB2B /* MessagesView.swift */; };
		79E5ECDD283AA3FE0024EB2B /* Message.swift in Sources */ = {isa = PBXBuildFile; fileRef = 79E5ECDC283AA3FE0024EB2B /* Message.swift */; };
		79E5ECDF283AA4330024EB2B /* Chat.swift in Sources */ = {isa = PBXBuildFile; fileRef = 79E5ECDE283AA4330024EB2B /* Chat.swift */; };
		79E5ECE1283AA4870024EB2B /* MessagingSession.swift in Sources */ = {isa = PBXBuildFile; fileRef = 79E5ECE0283AA4870024EB2B /* MessagingSession.swift */; };
		79E5ECE3283AA6A00024EB2B /* ChatBubble.swift in Sources */ = {isa = PBXBuildFile; fileRef = 79E5ECE2283AA6A00024EB2B /* ChatBubble.swift */; };
		79E93E0F2832C272006C6880 /* Proposal.swift in Sources */ = {isa = PBXBuildFile; fileRef = 79E93E0E2832C272006C6880 /* Proposal.swift */; };
		79E93E122832C3FE006C6880 /* ProposalsFeed.swift in Sources */ = {isa = PBXBuildFile; fileRef = 79E93E112832C3FE006C6880 /* ProposalsFeed.swift */; };
		79E93E142835173D006C6880 /* ProposalView.swift in Sources */ = {isa = PBXBuildFile; fileRef = 79E93E132835173D006C6880 /* ProposalView.swift */; };
		79E93E162835185E006C6880 /* ExpandedProposalView.swift in Sources */ = {isa = PBXBuildFile; fileRef = 79E93E152835185E006C6880 /* ExpandedProposalView.swift */; };
		79E93E18283622E7006C6880 /* MakeProposalsView.swift in Sources */ = {isa = PBXBuildFile; fileRef = 79E93E17283622E7006C6880 /* MakeProposalsView.swift */; };
/* End PBXBuildFile section */

/* Begin PBXContainerItemProxy section */
		18428924279E09B200573E81 /* PBXContainerItemProxy */ = {
			isa = PBXContainerItemProxy;
			containerPortal = 1842890A279E09B100573E81 /* Project object */;
			proxyType = 1;
			remoteGlobalIDString = 18428911279E09B100573E81;
			remoteInfo = GetItWrite;
		};
		1842892F279E09B200573E81 /* PBXContainerItemProxy */ = {
			isa = PBXContainerItemProxy;
			containerPortal = 1842890A279E09B100573E81 /* Project object */;
			proxyType = 1;
			remoteGlobalIDString = 18428911279E09B100573E81;
			remoteInfo = GetItWrite;
		};
/* End PBXContainerItemProxy section */

/* Begin PBXFileReference section */
		18428912279E09B100573E81 /* GetItWrite.app */ = {isa = PBXFileReference; explicitFileType = wrapper.application; includeInIndex = 0; path = GetItWrite.app; sourceTree = BUILT_PRODUCTS_DIR; };
		18428915279E09B100573E81 /* GetItWriteApp.swift */ = {isa = PBXFileReference; lastKnownFileType = sourcecode.swift; path = GetItWriteApp.swift; sourceTree = "<group>"; };
		18428917279E09B100573E81 /* ContentView.swift */ = {isa = PBXFileReference; lastKnownFileType = sourcecode.swift; path = ContentView.swift; sourceTree = "<group>"; };
		18428919279E09B200573E81 /* Assets.xcassets */ = {isa = PBXFileReference; lastKnownFileType = folder.assetcatalog; path = Assets.xcassets; sourceTree = "<group>"; };
		1842891C279E09B200573E81 /* Preview Assets.xcassets */ = {isa = PBXFileReference; lastKnownFileType = folder.assetcatalog; path = "Preview Assets.xcassets"; sourceTree = "<group>"; };
		1842891E279E09B200573E81 /* Info.plist */ = {isa = PBXFileReference; lastKnownFileType = text.plist.xml; path = Info.plist; sourceTree = "<group>"; };
		18428923279E09B200573E81 /* GetItWriteTests.xctest */ = {isa = PBXFileReference; explicitFileType = wrapper.cfbundle; includeInIndex = 0; path = GetItWriteTests.xctest; sourceTree = BUILT_PRODUCTS_DIR; };
		18428927279E09B200573E81 /* GetItWriteTests.swift */ = {isa = PBXFileReference; lastKnownFileType = sourcecode.swift; path = GetItWriteTests.swift; sourceTree = "<group>"; };
		18428929279E09B200573E81 /* Info.plist */ = {isa = PBXFileReference; lastKnownFileType = text.plist.xml; path = Info.plist; sourceTree = "<group>"; };
		1842892E279E09B200573E81 /* GetItWriteUITests.xctest */ = {isa = PBXFileReference; explicitFileType = wrapper.cfbundle; includeInIndex = 0; path = GetItWriteUITests.xctest; sourceTree = BUILT_PRODUCTS_DIR; };
		18428932279E09B200573E81 /* GetItWriteUITests.swift */ = {isa = PBXFileReference; lastKnownFileType = sourcecode.swift; path = GetItWriteUITests.swift; sourceTree = "<group>"; };
		18428934279E09B200573E81 /* Info.plist */ = {isa = PBXFileReference; lastKnownFileType = text.plist.xml; path = Info.plist; sourceTree = "<group>"; };
		7935523E281B0CD7002CBB73 /* ProfileImage.swift */ = {isa = PBXFileReference; lastKnownFileType = sourcecode.swift; path = ProfileImage.swift; sourceTree = "<group>"; };
		79355240281BF0F5002CBB73 /* PopulateDatabase.swift */ = {isa = PBXFileReference; lastKnownFileType = sourcecode.swift; path = PopulateDatabase.swift; sourceTree = "<group>"; };
		79355242281C1806002CBB73 /* ViewCritiqueView.swift */ = {isa = PBXFileReference; lastKnownFileType = sourcecode.swift; path = ViewCritiqueView.swift; sourceTree = "<group>"; };
		79841D6E27F7050500515F4C /* MakeProjectView.swift */ = {isa = PBXFileReference; lastKnownFileType = sourcecode.swift; path = MakeProjectView.swift; sourceTree = "<group>"; };
		79841D7227F70BC400515F4C /* GlobalVariables.swift */ = {isa = PBXFileReference; lastKnownFileType = sourcecode.swift; path = GlobalVariables.swift; sourceTree = "<group>"; };
		79A8829128196AE900E4A697 /* SideBarView.swift */ = {isa = PBXFileReference; lastKnownFileType = sourcecode.swift; path = SideBarView.swift; sourceTree = "<group>"; };
		79A882932819B93500E4A697 /* CritiquesView.swift */ = {isa = PBXFileReference; lastKnownFileType = sourcecode.swift; path = CritiquesView.swift; sourceTree = "<group>"; };
		79A882952819B97300E4A697 /* CritiqueView.swift */ = {isa = PBXFileReference; lastKnownFileType = sourcecode.swift; path = CritiqueView.swift; sourceTree = "<group>"; };
		79BEA40428135C580080EA6D /* GiveCritiqueView.swift */ = {isa = PBXFileReference; lastKnownFileType = sourcecode.swift; path = GiveCritiqueView.swift; sourceTree = "<group>"; };
		79BEA40C28153BF10080EA6D /* Critique.swift */ = {isa = PBXFileReference; lastKnownFileType = sourcecode.swift; path = Critique.swift; sourceTree = "<group>"; };
		79BEA41028167CC00080EA6D /* MakeTextView.swift */ = {isa = PBXFileReference; lastKnownFileType = sourcecode.swift; path = MakeTextView.swift; sourceTree = "<group>"; };
		79BEA41228168A420080EA6D /* ProjectView.swift */ = {isa = PBXFileReference; lastKnownFileType = sourcecode.swift; path = ProjectView.swift; sourceTree = "<group>"; };
		79BFD5B628173DE000A65400 /* YourProfileView.swift */ = {isa = PBXFileReference; lastKnownFileType = sourcecode.swift; path = YourProfileView.swift; sourceTree = "<group>"; };
		79C8345E27BFB61300003A8B /* FirebaseUser.swift */ = {isa = PBXFileReference; lastKnownFileType = sourcecode.swift; path = FirebaseUser.swift; sourceTree = "<group>"; };
		79C8346127BFB69900003A8B /* FirebaseSession.swift */ = {isa = PBXFileReference; lastKnownFileType = sourcecode.swift; path = FirebaseSession.swift; sourceTree = "<group>"; };
		79C8346527BFB76B00003A8B /* LoginView.swift */ = {isa = PBXFileReference; lastKnownFileType = sourcecode.swift; path = LoginView.swift; sourceTree = "<group>"; };
		79C8346727BFB7A300003A8B /* SignUpView.swift */ = {isa = PBXFileReference; lastKnownFileType = sourcecode.swift; path = SignUpView.swift; sourceTree = "<group>"; };
		79C8346927BFB95200003A8B /* GoogleService-Info.plist */ = {isa = PBXFileReference; fileEncoding = 4; lastKnownFileType = text.plist.xml; name = "GoogleService-Info.plist"; path = "GetItWrite/GoogleService-Info.plist"; sourceTree = "<group>"; };
		79C8346E27BFBBA800003A8B /* User.swift */ = {isa = PBXFileReference; lastKnownFileType = sourcecode.swift; path = User.swift; sourceTree = "<group>"; };
		79C8347027BFBC8100003A8B /* CustomError.swift */ = {isa = PBXFileReference; lastKnownFileType = sourcecode.swift; path = CustomError.swift; sourceTree = "<group>"; };
		79C8347527BFC85E00003A8B /* Color+Extension.swift */ = {isa = PBXFileReference; lastKnownFileType = sourcecode.swift; path = "Color+Extension.swift"; sourceTree = "<group>"; };
		79C8347727C0068900003A8B /* CreateAccountView.swift */ = {isa = PBXFileReference; lastKnownFileType = sourcecode.swift; path = CreateAccountView.swift; sourceTree = "<group>"; };
		79C8347A27C0078200003A8B /* TagCloud.swift */ = {isa = PBXFileReference; lastKnownFileType = sourcecode.swift; path = TagCloud.swift; sourceTree = "<group>"; };
		79C8347C27C021D300003A8B /* ImagePicker.swift */ = {isa = PBXFileReference; lastKnownFileType = sourcecode.swift; path = ImagePicker.swift; sourceTree = "<group>"; };
		79C8347E27C032F700003A8B /* UIImage+Extension.swift */ = {isa = PBXFileReference; lastKnownFileType = sourcecode.swift; path = "UIImage+Extension.swift"; sourceTree = "<group>"; };
		79C8348127C2A70900003A8B /* FeedView.swift */ = {isa = PBXFileReference; lastKnownFileType = sourcecode.swift; path = FeedView.swift; sourceTree = "<group>"; };
		79C8348327C2A73200003A8B /* FeedsSession.swift */ = {isa = PBXFileReference; lastKnownFileType = sourcecode.swift; path = FeedsSession.swift; sourceTree = "<group>"; };
		79C8348527C2A7A700003A8B /* Project.swift */ = {isa = PBXFileReference; lastKnownFileType = sourcecode.swift; path = Project.swift; sourceTree = "<group>"; };
		79C8348727C2A9CB00003A8B /* ErrorView.swift */ = {isa = PBXFileReference; lastKnownFileType = sourcecode.swift; path = ErrorView.swift; sourceTree = "<group>"; };
		79C8348B27C2B58700003A8B /* GeneralComponents.swift */ = {isa = PBXFileReference; lastKnownFileType = sourcecode.swift; path = GeneralComponents.swift; sourceTree = "<group>"; };
		79D4BC0D2823C09A0000182F /* EditProfileView.swift */ = {isa = PBXFileReference; lastKnownFileType = sourcecode.swift; path = EditProfileView.swift; sourceTree = "<group>"; };
		79D4BC14282517A90000182F /* SettingsView.swift */ = {isa = PBXFileReference; lastKnownFileType = sourcecode.swift; path = SettingsView.swift; sourceTree = "<group>"; };
		79E5ECCC2836BCC50024EB2B /* SelectProjectView.swift */ = {isa = PBXFileReference; lastKnownFileType = sourcecode.swift; path = SelectProjectView.swift; sourceTree = "<group>"; };
		79E5ECCF2836D6D00024EB2B /* RequestCritique.swift */ = {isa = PBXFileReference; lastKnownFileType = sourcecode.swift; path = RequestCritique.swift; sourceTree = "<group>"; };
		79E5ECD228377FDE0024EB2B /* ProfileView.swift */ = {isa = PBXFileReference; lastKnownFileType = sourcecode.swift; path = ProfileView.swift; sourceTree = "<group>"; };
		79E5ECD428379B060024EB2B /* UploadDataSession.swift */ = {isa = PBXFileReference; lastKnownFileType = sourcecode.swift; path = UploadDataSession.swift; sourceTree = "<group>"; };
		79E5ECD6283AA3720024EB2B /* AllChatsView.swift */ = {isa = PBXFileReference; lastKnownFileType = sourcecode.swift; path = AllChatsView.swift; sourceTree = "<group>"; };
		79E5ECD8283AA3A90024EB2B /* MessagePreview.swift */ = {isa = PBXFileReference; lastKnownFileType = sourcecode.swift; path = MessagePreview.swift; sourceTree = "<group>"; };
		79E5ECDA283AA3D60024EB2B /* MessagesView.swift */ = {isa = PBXFileReference; lastKnownFileType = sourcecode.swift; path = MessagesView.swift; sourceTree = "<group>"; };
		79E5ECDC283AA3FE0024EB2B /* Message.swift */ = {isa = PBXFileReference; lastKnownFileType = sourcecode.swift; path = Message.swift; sourceTree = "<group>"; };
		79E5ECDE283AA4330024EB2B /* Chat.swift */ = {isa = PBXFileReference; lastKnownFileType = sourcecode.swift; path = Chat.swift; sourceTree = "<group>"; };
		79E5ECE0283AA4870024EB2B /* MessagingSession.swift */ = {isa = PBXFileReference; lastKnownFileType = sourcecode.swift; path = MessagingSession.swift; sourceTree = "<group>"; };
		79E5ECE2283AA6A00024EB2B /* ChatBubble.swift */ = {isa = PBXFileReference; lastKnownFileType = sourcecode.swift; path = ChatBubble.swift; sourceTree = "<group>"; };
		79E93E0E2832C272006C6880 /* Proposal.swift */ = {isa = PBXFileReference; lastKnownFileType = sourcecode.swift; path = Proposal.swift; sourceTree = "<group>"; };
		79E93E112832C3FE006C6880 /* ProposalsFeed.swift */ = {isa = PBXFileReference; lastKnownFileType = sourcecode.swift; path = ProposalsFeed.swift; sourceTree = "<group>"; };
		79E93E132835173D006C6880 /* ProposalView.swift */ = {isa = PBXFileReference; lastKnownFileType = sourcecode.swift; path = ProposalView.swift; sourceTree = "<group>"; };
		79E93E152835185E006C6880 /* ExpandedProposalView.swift */ = {isa = PBXFileReference; lastKnownFileType = sourcecode.swift; path = ExpandedProposalView.swift; sourceTree = "<group>"; };
		79E93E17283622E7006C6880 /* MakeProposalsView.swift */ = {isa = PBXFileReference; lastKnownFileType = sourcecode.swift; path = MakeProposalsView.swift; sourceTree = "<group>"; };
/* End PBXFileReference section */

/* Begin PBXFrameworksBuildPhase section */
		1842890F279E09B100573E81 /* Frameworks */ = {
			isa = PBXFrameworksBuildPhase;
			buildActionMask = 2147483647;
			files = (
				18428946279E0C9B00573E81 /* FirebaseAuth in Frameworks */,
				18428948279E0C9B00573E81 /* FirebaseFirestore in Frameworks */,
				79C8346D27BFBAC800003A8B /* GoogleSignIn in Frameworks */,
			);
			runOnlyForDeploymentPostprocessing = 0;
		};
		18428920279E09B200573E81 /* Frameworks */ = {
			isa = PBXFrameworksBuildPhase;
			buildActionMask = 2147483647;
			files = (
			);
			runOnlyForDeploymentPostprocessing = 0;
		};
		1842892B279E09B200573E81 /* Frameworks */ = {
			isa = PBXFrameworksBuildPhase;
			buildActionMask = 2147483647;
			files = (
			);
			runOnlyForDeploymentPostprocessing = 0;
		};
/* End PBXFrameworksBuildPhase section */

/* Begin PBXGroup section */
		18428909279E09B100573E81 = {
			isa = PBXGroup;
			children = (
				79C8346927BFB95200003A8B /* GoogleService-Info.plist */,
				18428914279E09B100573E81 /* GetItWrite */,
				18428926279E09B200573E81 /* GetItWriteTests */,
				18428931279E09B200573E81 /* GetItWriteUITests */,
				18428913279E09B100573E81 /* Products */,
			);
			sourceTree = "<group>";
		};
		18428913279E09B100573E81 /* Products */ = {
			isa = PBXGroup;
			children = (
				18428912279E09B100573E81 /* GetItWrite.app */,
				18428923279E09B200573E81 /* GetItWriteTests.xctest */,
				1842892E279E09B200573E81 /* GetItWriteUITests.xctest */,
			);
			name = Products;
			sourceTree = "<group>";
		};
		18428914279E09B100573E81 /* GetItWrite */ = {
			isa = PBXGroup;
			children = (
				79C8347427BFC84800003A8B /* Extensions */,
				79C8345D27BFB5FA00003A8B /* Network */,
				79C8345B27BFB5E000003A8B /* Views */,
				79C8345A27BFB5D800003A8B /* Model */,
				18428915279E09B100573E81 /* GetItWriteApp.swift */,
				18428919279E09B200573E81 /* Assets.xcassets */,
				1842891E279E09B200573E81 /* Info.plist */,
				1842891B279E09B200573E81 /* Preview Content */,
			);
			path = GetItWrite;
			sourceTree = "<group>";
		};
		1842891B279E09B200573E81 /* Preview Content */ = {
			isa = PBXGroup;
			children = (
				1842891C279E09B200573E81 /* Preview Assets.xcassets */,
			);
			path = "Preview Content";
			sourceTree = "<group>";
		};
		18428926279E09B200573E81 /* GetItWriteTests */ = {
			isa = PBXGroup;
			children = (
				18428927279E09B200573E81 /* GetItWriteTests.swift */,
				18428929279E09B200573E81 /* Info.plist */,
			);
			path = GetItWriteTests;
			sourceTree = "<group>";
		};
		18428931279E09B200573E81 /* GetItWriteUITests */ = {
			isa = PBXGroup;
			children = (
				18428932279E09B200573E81 /* GetItWriteUITests.swift */,
				18428934279E09B200573E81 /* Info.plist */,
			);
			path = GetItWriteUITests;
			sourceTree = "<group>";
		};
		79BFD5B528173DCE00A65400 /* Profile */ = {
			isa = PBXGroup;
			children = (
				79BFD5B628173DE000A65400 /* YourProfileView.swift */,
				79D4BC0D2823C09A0000182F /* EditProfileView.swift */,
				79E5ECD228377FDE0024EB2B /* ProfileView.swift */,
			);
			path = Profile;
			sourceTree = "<group>";
		};
		79BFD5B828173E0200A65400 /* Critiques */ = {
			isa = PBXGroup;
			children = (
				79A882932819B93500E4A697 /* CritiquesView.swift */,
				79A882952819B97300E4A697 /* CritiqueView.swift */,
				79355242281C1806002CBB73 /* ViewCritiqueView.swift */,
			);
			path = Critiques;
			sourceTree = "<group>";
		};
		79C8345A27BFB5D800003A8B /* Model */ = {
			isa = PBXGroup;
			children = (
				79C8345E27BFB61300003A8B /* FirebaseUser.swift */,
				79C8346E27BFBBA800003A8B /* User.swift */,
				79C8348527C2A7A700003A8B /* Project.swift */,
				79BEA40C28153BF10080EA6D /* Critique.swift */,
				79E93E0E2832C272006C6880 /* Proposal.swift */,
				79E5ECCF2836D6D00024EB2B /* RequestCritique.swift */,
				79E5ECDC283AA3FE0024EB2B /* Message.swift */,
				79E5ECDE283AA4330024EB2B /* Chat.swift */,
			);
			path = Model;
			sourceTree = "<group>";
		};
		79C8345B27BFB5E000003A8B /* Views */ = {
			isa = PBXGroup;
			children = (
				18428917279E09B100573E81 /* ContentView.swift */,
				79E5ECD12836DCAF0024EB2B /* Messages */,
				79E93E102832C3C3006C6880 /* Proposals */,
				79D4BC132825178B0000182F /* Settings */,
				79BFD5B828173E0200A65400 /* Critiques */,
				79BFD5B528173DCE00A65400 /* Profile */,
				79C8348027C2A6F600003A8B /* Feed */,
				79C8346027BFB63B00003A8B /* Login */,
				79C8347927C0076100003A8B /* Components */,
			);
			path = Views;
			sourceTree = "<group>";
		};
		79C8345D27BFB5FA00003A8B /* Network */ = {
			isa = PBXGroup;
			children = (
				79C8346127BFB69900003A8B /* FirebaseSession.swift */,
				79C8347027BFBC8100003A8B /* CustomError.swift */,
				79C8348327C2A73200003A8B /* FeedsSession.swift */,
				79355240281BF0F5002CBB73 /* PopulateDatabase.swift */,
				79E5ECD428379B060024EB2B /* UploadDataSession.swift */,
				79E5ECE0283AA4870024EB2B /* MessagingSession.swift */,
			);
			path = Network;
			sourceTree = "<group>";
		};
		79C8346027BFB63B00003A8B /* Login */ = {
			isa = PBXGroup;
			children = (
				79C8346527BFB76B00003A8B /* LoginView.swift */,
				79C8346727BFB7A300003A8B /* SignUpView.swift */,
				79C8347727C0068900003A8B /* CreateAccountView.swift */,
			);
			path = Login;
			sourceTree = "<group>";
		};
		79C8347427BFC84800003A8B /* Extensions */ = {
			isa = PBXGroup;
			children = (
				79C8347527BFC85E00003A8B /* Color+Extension.swift */,
				79C8347E27C032F700003A8B /* UIImage+Extension.swift */,
				79841D7227F70BC400515F4C /* GlobalVariables.swift */,
			);
			path = Extensions;
			sourceTree = "<group>";
		};
		79C8347927C0076100003A8B /* Components */ = {
			isa = PBXGroup;
			children = (
				79C8347A27C0078200003A8B /* TagCloud.swift */,
				79C8347C27C021D300003A8B /* ImagePicker.swift */,
				79C8348727C2A9CB00003A8B /* ErrorView.swift */,
				79C8348B27C2B58700003A8B /* GeneralComponents.swift */,
				79BEA41228168A420080EA6D /* ProjectView.swift */,
				7935523E281B0CD7002CBB73 /* ProfileImage.swift */,
				79E5ECE2283AA6A00024EB2B /* ChatBubble.swift */,
			);
			path = Components;
			sourceTree = "<group>";
		};
		79C8348027C2A6F600003A8B /* Feed */ = {
			isa = PBXGroup;
			children = (
				79C8348127C2A70900003A8B /* FeedView.swift */,
				79BEA40428135C580080EA6D /* GiveCritiqueView.swift */,
				79A8829128196AE900E4A697 /* SideBarView.swift */,
			);
			path = Feed;
			sourceTree = "<group>";
		};
		79D4BC132825178B0000182F /* Settings */ = {
			isa = PBXGroup;
			children = (
				79D4BC14282517A90000182F /* SettingsView.swift */,
			);
			path = Settings;
			sourceTree = "<group>";
		};
		79E5ECD12836DCAF0024EB2B /* Messages */ = {
			isa = PBXGroup;
			children = (
				79BEA41028167CC00080EA6D /* MakeTextView.swift */,
				79E5ECD6283AA3720024EB2B /* AllChatsView.swift */,
				79E5ECD8283AA3A90024EB2B /* MessagePreview.swift */,
				79E5ECDA283AA3D60024EB2B /* MessagesView.swift */,
			);
			path = Messages;
			sourceTree = "<group>";
		};
		79E93E102832C3C3006C6880 /* Proposals */ = {
			isa = PBXGroup;
			children = (
				79E93E112832C3FE006C6880 /* ProposalsFeed.swift */,
				79E93E132835173D006C6880 /* ProposalView.swift */,
				79E93E152835185E006C6880 /* ExpandedProposalView.swift */,
				79E93E17283622E7006C6880 /* MakeProposalsView.swift */,
				79E5ECCC2836BCC50024EB2B /* SelectProjectView.swift */,
				79841D6E27F7050500515F4C /* MakeProjectView.swift */,
			);
			path = Proposals;
			sourceTree = "<group>";
		};
/* End PBXGroup section */

/* Begin PBXNativeTarget section */
		18428911279E09B100573E81 /* GetItWrite */ = {
			isa = PBXNativeTarget;
			buildConfigurationList = 18428937279E09B200573E81 /* Build configuration list for PBXNativeTarget "GetItWrite" */;
			buildPhases = (
				1842890E279E09B100573E81 /* Sources */,
				1842890F279E09B100573E81 /* Frameworks */,
				18428910279E09B100573E81 /* Resources */,
			);
			buildRules = (
			);
			dependencies = (
			);
			name = GetItWrite;
			packageProductDependencies = (
				18428945279E0C9B00573E81 /* FirebaseAuth */,
				18428947279E0C9B00573E81 /* FirebaseFirestore */,
				79C8346C27BFBAC800003A8B /* GoogleSignIn */,
			);
			productName = GetItWrite;
			productReference = 18428912279E09B100573E81 /* GetItWrite.app */;
			productType = "com.apple.product-type.application";
		};
		18428922279E09B200573E81 /* GetItWriteTests */ = {
			isa = PBXNativeTarget;
			buildConfigurationList = 1842893A279E09B200573E81 /* Build configuration list for PBXNativeTarget "GetItWriteTests" */;
			buildPhases = (
				1842891F279E09B200573E81 /* Sources */,
				18428920279E09B200573E81 /* Frameworks */,
				18428921279E09B200573E81 /* Resources */,
			);
			buildRules = (
			);
			dependencies = (
				18428925279E09B200573E81 /* PBXTargetDependency */,
			);
			name = GetItWriteTests;
			productName = GetItWriteTests;
			productReference = 18428923279E09B200573E81 /* GetItWriteTests.xctest */;
			productType = "com.apple.product-type.bundle.unit-test";
		};
		1842892D279E09B200573E81 /* GetItWriteUITests */ = {
			isa = PBXNativeTarget;
			buildConfigurationList = 1842893D279E09B200573E81 /* Build configuration list for PBXNativeTarget "GetItWriteUITests" */;
			buildPhases = (
				1842892A279E09B200573E81 /* Sources */,
				1842892B279E09B200573E81 /* Frameworks */,
				1842892C279E09B200573E81 /* Resources */,
			);
			buildRules = (
			);
			dependencies = (
				18428930279E09B200573E81 /* PBXTargetDependency */,
			);
			name = GetItWriteUITests;
			productName = GetItWriteUITests;
			productReference = 1842892E279E09B200573E81 /* GetItWriteUITests.xctest */;
			productType = "com.apple.product-type.bundle.ui-testing";
		};
/* End PBXNativeTarget section */

/* Begin PBXProject section */
		1842890A279E09B100573E81 /* Project object */ = {
			isa = PBXProject;
			attributes = {
				LastSwiftUpdateCheck = 1250;
				LastUpgradeCheck = 1250;
				TargetAttributes = {
					18428911279E09B100573E81 = {
						CreatedOnToolsVersion = 12.5.1;
					};
					18428922279E09B200573E81 = {
						CreatedOnToolsVersion = 12.5.1;
						TestTargetID = 18428911279E09B100573E81;
					};
					1842892D279E09B200573E81 = {
						CreatedOnToolsVersion = 12.5.1;
						TestTargetID = 18428911279E09B100573E81;
					};
				};
			};
			buildConfigurationList = 1842890D279E09B100573E81 /* Build configuration list for PBXProject "GetItWrite" */;
			compatibilityVersion = "Xcode 9.3";
			developmentRegion = en;
			hasScannedForEncodings = 0;
			knownRegions = (
				en,
				Base,
			);
			mainGroup = 18428909279E09B100573E81;
			packageReferences = (
				18428944279E0C9B00573E81 /* XCRemoteSwiftPackageReference "firebase-ios-sdk" */,
				79C8346B27BFBAC700003A8B /* XCRemoteSwiftPackageReference "GoogleSignIn-iOS" */,
			);
			productRefGroup = 18428913279E09B100573E81 /* Products */;
			projectDirPath = "";
			projectRoot = "";
			targets = (
				18428911279E09B100573E81 /* GetItWrite */,
				18428922279E09B200573E81 /* GetItWriteTests */,
				1842892D279E09B200573E81 /* GetItWriteUITests */,
			);
		};
/* End PBXProject section */

/* Begin PBXResourcesBuildPhase section */
		18428910279E09B100573E81 /* Resources */ = {
			isa = PBXResourcesBuildPhase;
			buildActionMask = 2147483647;
			files = (
				1842891D279E09B200573E81 /* Preview Assets.xcassets in Resources */,
				1842891A279E09B200573E81 /* Assets.xcassets in Resources */,
				79C8346A27BFB95200003A8B /* GoogleService-Info.plist in Resources */,
			);
			runOnlyForDeploymentPostprocessing = 0;
		};
		18428921279E09B200573E81 /* Resources */ = {
			isa = PBXResourcesBuildPhase;
			buildActionMask = 2147483647;
			files = (
			);
			runOnlyForDeploymentPostprocessing = 0;
		};
		1842892C279E09B200573E81 /* Resources */ = {
			isa = PBXResourcesBuildPhase;
			buildActionMask = 2147483647;
			files = (
			);
			runOnlyForDeploymentPostprocessing = 0;
		};
/* End PBXResourcesBuildPhase section */

/* Begin PBXSourcesBuildPhase section */
		1842890E279E09B100573E81 /* Sources */ = {
			isa = PBXSourcesBuildPhase;
			buildActionMask = 2147483647;
			files = (
				79D4BC15282517A90000182F /* SettingsView.swift in Sources */,
				79C8347D27C021D300003A8B /* ImagePicker.swift in Sources */,
				7935523F281B0CD7002CBB73 /* ProfileImage.swift in Sources */,
				79C8347F27C032F700003A8B /* UIImage+Extension.swift in Sources */,
				79C8348C27C2B58700003A8B /* GeneralComponents.swift in Sources */,
				79E93E0F2832C272006C6880 /* Proposal.swift in Sources */,
				79A8829228196AE900E4A697 /* SideBarView.swift in Sources */,
				79C8347827C0068900003A8B /* CreateAccountView.swift in Sources */,
				79C8346627BFB76B00003A8B /* LoginView.swift in Sources */,
				79E5ECD02836D6D00024EB2B /* RequestCritique.swift in Sources */,
				79A882942819B93500E4A697 /* CritiquesView.swift in Sources */,
				79C8347627BFC85E00003A8B /* Color+Extension.swift in Sources */,
				79E5ECCD2836BCC50024EB2B /* SelectProjectView.swift in Sources */,
				18428918279E09B100573E81 /* ContentView.swift in Sources */,
				79E93E122832C3FE006C6880 /* ProposalsFeed.swift in Sources */,
				79E93E18283622E7006C6880 /* MakeProposalsView.swift in Sources */,
				79C8347B27C0078200003A8B /* TagCloud.swift in Sources */,
				79E5ECDD283AA3FE0024EB2B /* Message.swift in Sources */,
				79C8348827C2A9CB00003A8B /* ErrorView.swift in Sources */,
				79E93E162835185E006C6880 /* ExpandedProposalView.swift in Sources */,
				79BEA40D28153BF10080EA6D /* Critique.swift in Sources */,
				79E5ECDB283AA3D60024EB2B /* MessagesView.swift in Sources */,
				79A882962819B97400E4A697 /* CritiqueView.swift in Sources */,
				79BFD5B728173DE000A65400 /* YourProfileView.swift in Sources */,
				79E5ECD528379B060024EB2B /* UploadDataSession.swift in Sources */,
				79E93E142835173D006C6880 /* ProposalView.swift in Sources */,
				79841D6F27F7050500515F4C /* MakeProjectView.swift in Sources */,
				79E5ECE3283AA6A00024EB2B /* ChatBubble.swift in Sources */,
				79D4BC0E2823C09A0000182F /* EditProfileView.swift in Sources */,
				79BEA40528135C580080EA6D /* GiveCritiqueView.swift in Sources */,
				79C8346827BFB7A300003A8B /* SignUpView.swift in Sources */,
				79E5ECDF283AA4330024EB2B /* Chat.swift in Sources */,
				79C8348427C2A73200003A8B /* FeedsSession.swift in Sources */,
				79355241281BF0F5002CBB73 /* PopulateDatabase.swift in Sources */,
				79C8346F27BFBBA800003A8B /* User.swift in Sources */,
				79C8348227C2A70900003A8B /* FeedView.swift in Sources */,
				79E5ECE1283AA4870024EB2B /* MessagingSession.swift in Sources */,
				79C8347127BFBC8100003A8B /* CustomError.swift in Sources */,
				79C8348627C2A7A700003A8B /* Project.swift in Sources */,
				79E5ECD9283AA3A90024EB2B /* MessagePreview.swift in Sources */,
				79E5ECD7283AA3720024EB2B /* AllChatsView.swift in Sources */,
				79BEA41128167CC00080EA6D /* MakeTextView.swift in Sources */,
				79C8346227BFB69900003A8B /* FirebaseSession.swift in Sources */,
				18428916279E09B100573E81 /* GetItWriteApp.swift in Sources */,
				79841D7327F70BC400515F4C /* GlobalVariables.swift in Sources */,
				79355243281C1806002CBB73 /* ViewCritiqueView.swift in Sources */,
				79BEA41328168A420080EA6D /* ProjectView.swift in Sources */,
				79E5ECD328377FDE0024EB2B /* ProfileView.swift in Sources */,
				79C8345F27BFB61300003A8B /* FirebaseUser.swift in Sources */,
			);
			runOnlyForDeploymentPostprocessing = 0;
		};
		1842891F279E09B200573E81 /* Sources */ = {
			isa = PBXSourcesBuildPhase;
			buildActionMask = 2147483647;
			files = (
				18428928279E09B200573E81 /* GetItWriteTests.swift in Sources */,
			);
			runOnlyForDeploymentPostprocessing = 0;
		};
		1842892A279E09B200573E81 /* Sources */ = {
			isa = PBXSourcesBuildPhase;
			buildActionMask = 2147483647;
			files = (
				18428933279E09B200573E81 /* GetItWriteUITests.swift in Sources */,
			);
			runOnlyForDeploymentPostprocessing = 0;
		};
/* End PBXSourcesBuildPhase section */

/* Begin PBXTargetDependency section */
		18428925279E09B200573E81 /* PBXTargetDependency */ = {
			isa = PBXTargetDependency;
			target = 18428911279E09B100573E81 /* GetItWrite */;
			targetProxy = 18428924279E09B200573E81 /* PBXContainerItemProxy */;
		};
		18428930279E09B200573E81 /* PBXTargetDependency */ = {
			isa = PBXTargetDependency;
			target = 18428911279E09B100573E81 /* GetItWrite */;
			targetProxy = 1842892F279E09B200573E81 /* PBXContainerItemProxy */;
		};
/* End PBXTargetDependency section */

/* Begin XCBuildConfiguration section */
		18428935279E09B200573E81 /* Debug */ = {
			isa = XCBuildConfiguration;
			buildSettings = {
				ALWAYS_SEARCH_USER_PATHS = NO;
				CLANG_ANALYZER_NONNULL = YES;
				CLANG_ANALYZER_NUMBER_OBJECT_CONVERSION = YES_AGGRESSIVE;
				CLANG_CXX_LANGUAGE_STANDARD = "gnu++14";
				CLANG_CXX_LIBRARY = "libc++";
				CLANG_ENABLE_MODULES = YES;
				CLANG_ENABLE_OBJC_ARC = YES;
				CLANG_ENABLE_OBJC_WEAK = YES;
				CLANG_WARN_BLOCK_CAPTURE_AUTORELEASING = YES;
				CLANG_WARN_BOOL_CONVERSION = YES;
				CLANG_WARN_COMMA = YES;
				CLANG_WARN_CONSTANT_CONVERSION = YES;
				CLANG_WARN_DEPRECATED_OBJC_IMPLEMENTATIONS = YES;
				CLANG_WARN_DIRECT_OBJC_ISA_USAGE = YES_ERROR;
				CLANG_WARN_DOCUMENTATION_COMMENTS = YES;
				CLANG_WARN_EMPTY_BODY = YES;
				CLANG_WARN_ENUM_CONVERSION = YES;
				CLANG_WARN_INFINITE_RECURSION = YES;
				CLANG_WARN_INT_CONVERSION = YES;
				CLANG_WARN_NON_LITERAL_NULL_CONVERSION = YES;
				CLANG_WARN_OBJC_IMPLICIT_RETAIN_SELF = YES;
				CLANG_WARN_OBJC_LITERAL_CONVERSION = YES;
				CLANG_WARN_OBJC_ROOT_CLASS = YES_ERROR;
				CLANG_WARN_QUOTED_INCLUDE_IN_FRAMEWORK_HEADER = YES;
				CLANG_WARN_RANGE_LOOP_ANALYSIS = YES;
				CLANG_WARN_STRICT_PROTOTYPES = YES;
				CLANG_WARN_SUSPICIOUS_MOVE = YES;
				CLANG_WARN_UNGUARDED_AVAILABILITY = YES_AGGRESSIVE;
				CLANG_WARN_UNREACHABLE_CODE = YES;
				CLANG_WARN__DUPLICATE_METHOD_MATCH = YES;
				COPY_PHASE_STRIP = NO;
				DEBUG_INFORMATION_FORMAT = dwarf;
				ENABLE_STRICT_OBJC_MSGSEND = YES;
				ENABLE_TESTABILITY = YES;
				GCC_C_LANGUAGE_STANDARD = gnu11;
				GCC_DYNAMIC_NO_PIC = NO;
				GCC_NO_COMMON_BLOCKS = YES;
				GCC_OPTIMIZATION_LEVEL = 0;
				GCC_PREPROCESSOR_DEFINITIONS = (
					"DEBUG=1",
					"$(inherited)",
				);
				GCC_WARN_64_TO_32_BIT_CONVERSION = YES;
				GCC_WARN_ABOUT_RETURN_TYPE = YES_ERROR;
				GCC_WARN_UNDECLARED_SELECTOR = YES;
				GCC_WARN_UNINITIALIZED_AUTOS = YES_AGGRESSIVE;
				GCC_WARN_UNUSED_FUNCTION = YES;
				GCC_WARN_UNUSED_VARIABLE = YES;
				IPHONEOS_DEPLOYMENT_TARGET = 15.0;
				MTL_ENABLE_DEBUG_INFO = INCLUDE_SOURCE;
				MTL_FAST_MATH = YES;
				ONLY_ACTIVE_ARCH = YES;
				SDKROOT = iphoneos;
				SWIFT_ACTIVE_COMPILATION_CONDITIONS = DEBUG;
				SWIFT_OPTIMIZATION_LEVEL = "-Onone";
			};
			name = Debug;
		};
		18428936279E09B200573E81 /* Release */ = {
			isa = XCBuildConfiguration;
			buildSettings = {
				ALWAYS_SEARCH_USER_PATHS = NO;
				CLANG_ANALYZER_NONNULL = YES;
				CLANG_ANALYZER_NUMBER_OBJECT_CONVERSION = YES_AGGRESSIVE;
				CLANG_CXX_LANGUAGE_STANDARD = "gnu++14";
				CLANG_CXX_LIBRARY = "libc++";
				CLANG_ENABLE_MODULES = YES;
				CLANG_ENABLE_OBJC_ARC = YES;
				CLANG_ENABLE_OBJC_WEAK = YES;
				CLANG_WARN_BLOCK_CAPTURE_AUTORELEASING = YES;
				CLANG_WARN_BOOL_CONVERSION = YES;
				CLANG_WARN_COMMA = YES;
				CLANG_WARN_CONSTANT_CONVERSION = YES;
				CLANG_WARN_DEPRECATED_OBJC_IMPLEMENTATIONS = YES;
				CLANG_WARN_DIRECT_OBJC_ISA_USAGE = YES_ERROR;
				CLANG_WARN_DOCUMENTATION_COMMENTS = YES;
				CLANG_WARN_EMPTY_BODY = YES;
				CLANG_WARN_ENUM_CONVERSION = YES;
				CLANG_WARN_INFINITE_RECURSION = YES;
				CLANG_WARN_INT_CONVERSION = YES;
				CLANG_WARN_NON_LITERAL_NULL_CONVERSION = YES;
				CLANG_WARN_OBJC_IMPLICIT_RETAIN_SELF = YES;
				CLANG_WARN_OBJC_LITERAL_CONVERSION = YES;
				CLANG_WARN_OBJC_ROOT_CLASS = YES_ERROR;
				CLANG_WARN_QUOTED_INCLUDE_IN_FRAMEWORK_HEADER = YES;
				CLANG_WARN_RANGE_LOOP_ANALYSIS = YES;
				CLANG_WARN_STRICT_PROTOTYPES = YES;
				CLANG_WARN_SUSPICIOUS_MOVE = YES;
				CLANG_WARN_UNGUARDED_AVAILABILITY = YES_AGGRESSIVE;
				CLANG_WARN_UNREACHABLE_CODE = YES;
				CLANG_WARN__DUPLICATE_METHOD_MATCH = YES;
				COPY_PHASE_STRIP = NO;
				DEBUG_INFORMATION_FORMAT = "dwarf-with-dsym";
				ENABLE_NS_ASSERTIONS = NO;
				ENABLE_STRICT_OBJC_MSGSEND = YES;
				GCC_C_LANGUAGE_STANDARD = gnu11;
				GCC_NO_COMMON_BLOCKS = YES;
				GCC_WARN_64_TO_32_BIT_CONVERSION = YES;
				GCC_WARN_ABOUT_RETURN_TYPE = YES_ERROR;
				GCC_WARN_UNDECLARED_SELECTOR = YES;
				GCC_WARN_UNINITIALIZED_AUTOS = YES_AGGRESSIVE;
				GCC_WARN_UNUSED_FUNCTION = YES;
				GCC_WARN_UNUSED_VARIABLE = YES;
				IPHONEOS_DEPLOYMENT_TARGET = 15.0;
				MTL_ENABLE_DEBUG_INFO = NO;
				MTL_FAST_MATH = YES;
				SDKROOT = iphoneos;
				SWIFT_COMPILATION_MODE = wholemodule;
				SWIFT_OPTIMIZATION_LEVEL = "-O";
				VALIDATE_PRODUCT = YES;
			};
			name = Release;
		};
		18428938279E09B200573E81 /* Debug */ = {
			isa = XCBuildConfiguration;
			buildSettings = {
				ASSETCATALOG_COMPILER_APPICON_NAME = AppIcon;
				ASSETCATALOG_COMPILER_GLOBAL_ACCENT_COLOR_NAME = AccentColor;
				CODE_SIGN_STYLE = Automatic;
				DEVELOPMENT_ASSET_PATHS = "\"GetItWrite/Preview Content\"";
				ENABLE_PREVIEWS = YES;
				INFOPLIST_FILE = GetItWrite/Info.plist;
				IPHONEOS_DEPLOYMENT_TARGET = 15.0;
				LD_RUNPATH_SEARCH_PATHS = (
					"$(inherited)",
					"@executable_path/Frameworks",
				);
				PRODUCT_BUNDLE_IDENTIFIER = hannah.GetItWrite;
				PRODUCT_NAME = "$(TARGET_NAME)";
				SWIFT_VERSION = 5.0;
				TARGETED_DEVICE_FAMILY = 1;
			};
			name = Debug;
		};
		18428939279E09B200573E81 /* Release */ = {
			isa = XCBuildConfiguration;
			buildSettings = {
				ASSETCATALOG_COMPILER_APPICON_NAME = AppIcon;
				ASSETCATALOG_COMPILER_GLOBAL_ACCENT_COLOR_NAME = AccentColor;
				CODE_SIGN_STYLE = Automatic;
				DEVELOPMENT_ASSET_PATHS = "\"GetItWrite/Preview Content\"";
				ENABLE_PREVIEWS = YES;
				INFOPLIST_FILE = GetItWrite/Info.plist;
				IPHONEOS_DEPLOYMENT_TARGET = 15.0;
				LD_RUNPATH_SEARCH_PATHS = (
					"$(inherited)",
					"@executable_path/Frameworks",
				);
				PRODUCT_BUNDLE_IDENTIFIER = hannah.GetItWrite;
				PRODUCT_NAME = "$(TARGET_NAME)";
				SWIFT_VERSION = 5.0;
				TARGETED_DEVICE_FAMILY = 1;
			};
			name = Release;
		};
		1842893B279E09B200573E81 /* Debug */ = {
			isa = XCBuildConfiguration;
			buildSettings = {
				ALWAYS_EMBED_SWIFT_STANDARD_LIBRARIES = YES;
				BUNDLE_LOADER = "$(TEST_HOST)";
				CODE_SIGN_STYLE = Automatic;
				INFOPLIST_FILE = GetItWriteTests/Info.plist;
				IPHONEOS_DEPLOYMENT_TARGET = 14.0;
				LD_RUNPATH_SEARCH_PATHS = (
					"$(inherited)",
					"@executable_path/Frameworks",
					"@loader_path/Frameworks",
				);
				PRODUCT_BUNDLE_IDENTIFIER = hannah.GetItWriteTests;
				PRODUCT_NAME = "$(TARGET_NAME)";
				SWIFT_VERSION = 5.0;
				TARGETED_DEVICE_FAMILY = "1,2";
				TEST_HOST = "$(BUILT_PRODUCTS_DIR)/GetItWrite.app/GetItWrite";
			};
			name = Debug;
		};
		1842893C279E09B200573E81 /* Release */ = {
			isa = XCBuildConfiguration;
			buildSettings = {
				ALWAYS_EMBED_SWIFT_STANDARD_LIBRARIES = YES;
				BUNDLE_LOADER = "$(TEST_HOST)";
				CODE_SIGN_STYLE = Automatic;
				INFOPLIST_FILE = GetItWriteTests/Info.plist;
				IPHONEOS_DEPLOYMENT_TARGET = 14.0;
				LD_RUNPATH_SEARCH_PATHS = (
					"$(inherited)",
					"@executable_path/Frameworks",
					"@loader_path/Frameworks",
				);
				PRODUCT_BUNDLE_IDENTIFIER = hannah.GetItWriteTests;
				PRODUCT_NAME = "$(TARGET_NAME)";
				SWIFT_VERSION = 5.0;
				TARGETED_DEVICE_FAMILY = "1,2";
				TEST_HOST = "$(BUILT_PRODUCTS_DIR)/GetItWrite.app/GetItWrite";
			};
			name = Release;
		};
		1842893E279E09B200573E81 /* Debug */ = {
			isa = XCBuildConfiguration;
			buildSettings = {
				ALWAYS_EMBED_SWIFT_STANDARD_LIBRARIES = YES;
				CODE_SIGN_STYLE = Automatic;
				INFOPLIST_FILE = GetItWriteUITests/Info.plist;
				LD_RUNPATH_SEARCH_PATHS = (
					"$(inherited)",
					"@executable_path/Frameworks",
					"@loader_path/Frameworks",
				);
				PRODUCT_BUNDLE_IDENTIFIER = hannah.GetItWriteUITests;
				PRODUCT_NAME = "$(TARGET_NAME)";
				SWIFT_VERSION = 5.0;
				TARGETED_DEVICE_FAMILY = "1,2";
				TEST_TARGET_NAME = GetItWrite;
			};
			name = Debug;
		};
		1842893F279E09B200573E81 /* Release */ = {
			isa = XCBuildConfiguration;
			buildSettings = {
				ALWAYS_EMBED_SWIFT_STANDARD_LIBRARIES = YES;
				CODE_SIGN_STYLE = Automatic;
				INFOPLIST_FILE = GetItWriteUITests/Info.plist;
				LD_RUNPATH_SEARCH_PATHS = (
					"$(inherited)",
					"@executable_path/Frameworks",
					"@loader_path/Frameworks",
				);
				PRODUCT_BUNDLE_IDENTIFIER = hannah.GetItWriteUITests;
				PRODUCT_NAME = "$(TARGET_NAME)";
				SWIFT_VERSION = 5.0;
				TARGETED_DEVICE_FAMILY = "1,2";
				TEST_TARGET_NAME = GetItWrite;
			};
			name = Release;
		};
/* End XCBuildConfiguration section */

/* Begin XCConfigurationList section */
		1842890D279E09B100573E81 /* Build configuration list for PBXProject "GetItWrite" */ = {
			isa = XCConfigurationList;
			buildConfigurations = (
				18428935279E09B200573E81 /* Debug */,
				18428936279E09B200573E81 /* Release */,
			);
			defaultConfigurationIsVisible = 0;
			defaultConfigurationName = Release;
		};
		18428937279E09B200573E81 /* Build configuration list for PBXNativeTarget "GetItWrite" */ = {
			isa = XCConfigurationList;
			buildConfigurations = (
				18428938279E09B200573E81 /* Debug */,
				18428939279E09B200573E81 /* Release */,
			);
			defaultConfigurationIsVisible = 0;
			defaultConfigurationName = Release;
		};
		1842893A279E09B200573E81 /* Build configuration list for PBXNativeTarget "GetItWriteTests" */ = {
			isa = XCConfigurationList;
			buildConfigurations = (
				1842893B279E09B200573E81 /* Debug */,
				1842893C279E09B200573E81 /* Release */,
			);
			defaultConfigurationIsVisible = 0;
			defaultConfigurationName = Release;
		};
		1842893D279E09B200573E81 /* Build configuration list for PBXNativeTarget "GetItWriteUITests" */ = {
			isa = XCConfigurationList;
			buildConfigurations = (
				1842893E279E09B200573E81 /* Debug */,
				1842893F279E09B200573E81 /* Release */,
			);
			defaultConfigurationIsVisible = 0;
			defaultConfigurationName = Release;
		};
/* End XCConfigurationList section */

/* Begin XCRemoteSwiftPackageReference section */
		18428944279E0C9B00573E81 /* XCRemoteSwiftPackageReference "firebase-ios-sdk" */ = {
			isa = XCRemoteSwiftPackageReference;
			repositoryURL = "https://github.com/firebase/firebase-ios-sdk";
			requirement = {
				kind = upToNextMajorVersion;
				minimumVersion = 8.11.0;
			};
		};
		79C8346B27BFBAC700003A8B /* XCRemoteSwiftPackageReference "GoogleSignIn-iOS" */ = {
			isa = XCRemoteSwiftPackageReference;
			repositoryURL = "https://github.com/google/GoogleSignIn-iOS";
			requirement = {
				kind = upToNextMajorVersion;
				minimumVersion = 6.0.0;
			};
		};
/* End XCRemoteSwiftPackageReference section */

/* Begin XCSwiftPackageProductDependency section */
		18428945279E0C9B00573E81 /* FirebaseAuth */ = {
			isa = XCSwiftPackageProductDependency;
			package = 18428944279E0C9B00573E81 /* XCRemoteSwiftPackageReference "firebase-ios-sdk" */;
			productName = FirebaseAuth;
		};
		18428947279E0C9B00573E81 /* FirebaseFirestore */ = {
			isa = XCSwiftPackageProductDependency;
			package = 18428944279E0C9B00573E81 /* XCRemoteSwiftPackageReference "firebase-ios-sdk" */;
			productName = FirebaseFirestore;
		};
		79C8346C27BFBAC800003A8B /* GoogleSignIn */ = {
			isa = XCSwiftPackageProductDependency;
			package = 79C8346B27BFBAC700003A8B /* XCRemoteSwiftPackageReference "GoogleSignIn-iOS" */;
			productName = GoogleSignIn;
		};
/* End XCSwiftPackageProductDependency section */
	};
	rootObject = 1842890A279E09B100573E81 /* Project object */;
}
